
Microsoft Visual Studio Solution File, Format Version 12.00
# Visual Studio Version 17
VisualStudioVersion = 17.4.33205.214
MinimumVisualStudioVersion = 10.0.40219.1
Project("{FAE04EC0-301F-11D3-BF4B-00C04F79EFBC}") = "customersApi", "customersApi\customersApi.csproj", "{736C973F-1F18-4310-8D2B-AC6A7C9A21D2}"
EndProject
Global
	GlobalSection(SolutionConfigurationPlatforms) = preSolution
		Debug|Any CPU = Debug|Any CPU
		Release|Any CPU = Release|Any CPU
	EndGlobalSection
	GlobalSection(ProjectConfigurationPlatforms) = postSolution
		{736C973F-1F18-4310-8D2B-AC6A7C9A21D2}.Debug|Any CPU.ActiveCfg = Debug|Any CPU
		{736C973F-1F18-4310-8D2B-AC6A7C9A21D2}.Debug|Any CPU.Build.0 = Debug|Any CPU
		{736C973F-1F18-4310-8D2B-AC6A7C9A21D2}.Release|Any CPU.ActiveCfg = Release|Any CPU
		{736C973F-1F18-4310-8D2B-AC6A7C9A21D2}.Release|Any CPU.Build.0 = Release|Any CPU
	EndGlobalSection
	GlobalSection(SolutionProperties) = preSolution
		HideSolutionNode = FALSE
	EndGlobalSection
	GlobalSection(ExtensibilityGlobals) = postSolution
		SolutionGuid = {8FDA5FD6-3A11-43E4-9BE0-BD109483F170}
	EndGlobalSection
EndGlobal
